
Microsoft Visual Studio Solution File, Format Version 12.00
# Visual Studio Version 17
VisualStudioVersion = 17.4.33213.308
MinimumVisualStudioVersion = 10.0.40219.1
Project("{9A19103F-16F7-4668-BE54-9A1E7A4F7556}") = "dimlmgr-client", "dimlmgr-client\dimlmgr-client.csproj", "{7E28C743-2B8C-4DFD-9DE3-D8FA903BC468}"
EndProject
Project("{9A19103F-16F7-4668-BE54-9A1E7A4F7556}") = "dimlmgr-test", "dimlmgr-test\dimlmgr-test.csproj", "{5E90AA14-A6DE-4222-BEEF-56960B6F0ADA}"
EndProject
Project("{9A19103F-16F7-4668-BE54-9A1E7A4F7556}") = "dimlmgr-cmdline", "dimlmgr-cmdline\dimlmgr-cmdline.csproj", "{1D1962E4-B0B9-4A21-82E2-C86637DFC866}"
EndProject
Project("{9A19103F-16F7-4668-BE54-9A1E7A4F7556}") = "dimlmgr-server", "dimlmgr-server\dimlmgr-server.csproj", "{B47F65BC-73D3-4182-B414-9B5BC20D579C}"
EndProject
Project("{2150E333-8FDC-42A3-9474-1A3956D46DE8}") = "Solution Items", "Solution Items", "{B44A8B02-A739-48DC-8949-24573FEB54BA}"
	ProjectSection(SolutionItems) = preProject
		.github\workflows\ci-build-and-test-repo.yml = .github\workflows\ci-build-and-test-repo.yml
		.github\workflows\ci-cd-publish-nuget.yml = .github\workflows\ci-cd-publish-nuget.yml
		README.md = README.md
	EndProjectSection
EndProject
Global
	GlobalSection(SolutionConfigurationPlatforms) = preSolution
		Debug|Any CPU = Debug|Any CPU
		Release|Any CPU = Release|Any CPU
	EndGlobalSection
	GlobalSection(ProjectConfigurationPlatforms) = postSolution
		{7E28C743-2B8C-4DFD-9DE3-D8FA903BC468}.Debug|Any CPU.ActiveCfg = Debug|Any CPU
		{7E28C743-2B8C-4DFD-9DE3-D8FA903BC468}.Debug|Any CPU.Build.0 = Debug|Any CPU
		{7E28C743-2B8C-4DFD-9DE3-D8FA903BC468}.Release|Any CPU.ActiveCfg = Release|Any CPU
		{7E28C743-2B8C-4DFD-9DE3-D8FA903BC468}.Release|Any CPU.Build.0 = Release|Any CPU
		{5E90AA14-A6DE-4222-BEEF-56960B6F0ADA}.Debug|Any CPU.ActiveCfg = Debug|Any CPU
		{5E90AA14-A6DE-4222-BEEF-56960B6F0ADA}.Debug|Any CPU.Build.0 = Debug|Any CPU
		{5E90AA14-A6DE-4222-BEEF-56960B6F0ADA}.Release|Any CPU.ActiveCfg = Release|Any CPU
		{5E90AA14-A6DE-4222-BEEF-56960B6F0ADA}.Release|Any CPU.Build.0 = Release|Any CPU
		{1D1962E4-B0B9-4A21-82E2-C86637DFC866}.Debug|Any CPU.ActiveCfg = Debug|Any CPU
		{1D1962E4-B0B9-4A21-82E2-C86637DFC866}.Debug|Any CPU.Build.0 = Debug|Any CPU
		{1D1962E4-B0B9-4A21-82E2-C86637DFC866}.Release|Any CPU.ActiveCfg = Release|Any CPU
		{1D1962E4-B0B9-4A21-82E2-C86637DFC866}.Release|Any CPU.Build.0 = Release|Any CPU
		{B47F65BC-73D3-4182-B414-9B5BC20D579C}.Debug|Any CPU.ActiveCfg = Debug|Any CPU
		{B47F65BC-73D3-4182-B414-9B5BC20D579C}.Debug|Any CPU.Build.0 = Debug|Any CPU
		{B47F65BC-73D3-4182-B414-9B5BC20D579C}.Release|Any CPU.ActiveCfg = Release|Any CPU
		{B47F65BC-73D3-4182-B414-9B5BC20D579C}.Release|Any CPU.Build.0 = Release|Any CPU
	EndGlobalSection
	GlobalSection(SolutionProperties) = preSolution
		HideSolutionNode = FALSE
	EndGlobalSection
	GlobalSection(ExtensibilityGlobals) = postSolution
		SolutionGuid = {D523E76C-6D9C-412C-BEC8-90B4424D90D2}
	EndGlobalSection
EndGlobal
